
Microsoft Visual Studio Solution File, Format Version 12.00
# Visual Studio Version 17
VisualStudioVersion = 17.13.35818.85 d17.13
MinimumVisualStudioVersion = 10.0.40219.1
Project("{FAE04EC0-301F-11D3-BF4B-00C04F79EFBC}") = "SubnetCalc", "SubnetCalc.csproj", "{888E9553-F114-4E48-98CB-DD960F7B11E4}"
EndProject
Global
	GlobalSection(SolutionConfigurationPlatforms) = preSolution
		Debug|Any CPU = Debug|Any CPU
		Release|Any CPU = Release|Any CPU
	EndGlobalSection
	GlobalSection(ProjectConfigurationPlatforms) = postSolution
		{888E9553-F114-4E48-98CB-DD960F7B11E4}.Debug|Any CPU.ActiveCfg = Debug|Any CPU
		{888E9553-F114-4E48-98CB-DD960F7B11E4}.Debug|Any CPU.Build.0 = Debug|Any CPU
		{888E9553-F114-4E48-98CB-DD960F7B11E4}.Release|Any CPU.ActiveCfg = Release|Any CPU
		{888E9553-F114-4E48-98CB-DD960F7B11E4}.Release|Any CPU.Build.0 = Release|Any CPU
	EndGlobalSection
	GlobalSection(SolutionProperties) = preSolution
		HideSolutionNode = FALSE
	EndGlobalSection
	GlobalSection(ExtensibilityGlobals) = postSolution
		SolutionGuid = {D12ABD36-1247-44DD-B5EC-811FCA142750}
	EndGlobalSection
EndGlobal
